
Microsoft Visual Studio Solution File, Format Version 12.00
# Visual Studio 15
VisualStudioVersion = 15.0.28010.2046
MinimumVisualStudioVersion = 10.0.40219.1
Project("{8BC9CEB8-8B4A-11D0-8D11-00A0C91BC942}") = "Stacks", "Stacks\Stacks.vcxproj", "{A362B1B3-9E45-45A8-B8C7-744E8660C552}"
EndProject
Global
	GlobalSection(SolutionConfigurationPlatforms) = preSolution
		Debug|x64 = Debug|x64
		Debug|x86 = Debug|x86
		Release|x64 = Release|x64
		Release|x86 = Release|x86
	EndGlobalSection
	GlobalSection(ProjectConfigurationPlatforms) = postSolution
		{A362B1B3-9E45-45A8-B8C7-744E8660C552}.Debug|x64.ActiveCfg = Debug|x64
		{A362B1B3-9E45-45A8-B8C7-744E8660C552}.Debug|x64.Build.0 = Debug|x64
		{A362B1B3-9E45-45A8-B8C7-744E8660C552}.Debug|x86.ActiveCfg = Debug|Win32
		{A362B1B3-9E45-45A8-B8C7-744E8660C552}.Debug|x86.Build.0 = Debug|Win32
		{A362B1B3-9E45-45A8-B8C7-744E8660C552}.Release|x64.ActiveCfg = Release|x64
		{A362B1B3-9E45-45A8-B8C7-744E8660C552}.Release|x64.Build.0 = Release|x64
		{A362B1B3-9E45-45A8-B8C7-744E8660C552}.Release|x86.ActiveCfg = Release|Win32
		{A362B1B3-9E45-45A8-B8C7-744E8660C552}.Release|x86.Build.0 = Release|Win32
	EndGlobalSection
	GlobalSection(SolutionProperties) = preSolution
		HideSolutionNode = FALSE
	EndGlobalSection
	GlobalSection(ExtensibilityGlobals) = postSolution
		SolutionGuid = {AEAD5744-6666-4A46-A95F-E5F44E85C0BA}
	EndGlobalSection
EndGlobal
