
Microsoft Visual Studio Solution File, Format Version 12.00
# Visual Studio 15
VisualStudioVersion = 15.0.28010.2046
MinimumVisualStudioVersion = 10.0.40219.1
Project("{8BC9CEB8-8B4A-11D0-8D11-00A0C91BC942}") = "Stacks", "Stacks\Stacks.vcxproj", "{A362B1B3-9E45-45A8-B8C7-744E8660C552}"
EndProject
Project("{8BC9CEB8-8B4A-11D0-8D11-00A0C91BC942}") = "DynamicStack", "DynamicStack\DynamicStack.vcxproj", "{08F76D12-3DBF-469A-8259-C99B0DBA27BD}"
EndProject
Project("{8BC9CEB8-8B4A-11D0-8D11-00A0C91BC942}") = "DvirStacks", "Dvir23\Dvir23.vcxproj", "{E9E789DC-3A40-44CF-B313-7CE026859C2C}"
EndProject
Project("{8BC9CEB8-8B4A-11D0-8D11-00A0C91BC942}") = "List", "List\List.vcxproj", "{99B4372B-BCDE-4380-927B-989CDE9965E1}"
EndProject
Project("{8BC9CEB8-8B4A-11D0-8D11-00A0C91BC942}") = "BackNFront", "BackNFront\BackNFront.vcxproj", "{ADEDE455-133E-404D-A375-3B5EDBFEF2D9}"
EndProject
Project("{8BC9CEB8-8B4A-11D0-8D11-00A0C91BC942}") = "Queue", "Queue\Queue.vcxproj", "{FBC46BEB-7DC2-46DE-A0DD-A6C5A7C437D2}"
EndProject
Project("{8BC9CEB8-8B4A-11D0-8D11-00A0C91BC942}") = "Trees", "Trees\Trees.vcxproj", "{0A2F61F1-B8E2-4018-B6D4-67C5068D6434}"
EndProject
Global
	GlobalSection(SolutionConfigurationPlatforms) = preSolution
		Debug|x64 = Debug|x64
		Debug|x86 = Debug|x86
		Release|x64 = Release|x64
		Release|x86 = Release|x86
	EndGlobalSection
	GlobalSection(ProjectConfigurationPlatforms) = postSolution
		{A362B1B3-9E45-45A8-B8C7-744E8660C552}.Debug|x64.ActiveCfg = Debug|x64
		{A362B1B3-9E45-45A8-B8C7-744E8660C552}.Debug|x64.Build.0 = Debug|x64
		{A362B1B3-9E45-45A8-B8C7-744E8660C552}.Debug|x86.ActiveCfg = Debug|Win32
		{A362B1B3-9E45-45A8-B8C7-744E8660C552}.Debug|x86.Build.0 = Debug|Win32
		{A362B1B3-9E45-45A8-B8C7-744E8660C552}.Release|x64.ActiveCfg = Release|x64
		{A362B1B3-9E45-45A8-B8C7-744E8660C552}.Release|x64.Build.0 = Release|x64
		{A362B1B3-9E45-45A8-B8C7-744E8660C552}.Release|x86.ActiveCfg = Release|Win32
		{A362B1B3-9E45-45A8-B8C7-744E8660C552}.Release|x86.Build.0 = Release|Win32
		{08F76D12-3DBF-469A-8259-C99B0DBA27BD}.Debug|x64.ActiveCfg = Debug|x64
		{08F76D12-3DBF-469A-8259-C99B0DBA27BD}.Debug|x64.Build.0 = Debug|x64
		{08F76D12-3DBF-469A-8259-C99B0DBA27BD}.Debug|x86.ActiveCfg = Debug|Win32
		{08F76D12-3DBF-469A-8259-C99B0DBA27BD}.Debug|x86.Build.0 = Debug|Win32
		{08F76D12-3DBF-469A-8259-C99B0DBA27BD}.Release|x64.ActiveCfg = Release|x64
		{08F76D12-3DBF-469A-8259-C99B0DBA27BD}.Release|x64.Build.0 = Release|x64
		{08F76D12-3DBF-469A-8259-C99B0DBA27BD}.Release|x86.ActiveCfg = Release|Win32
		{08F76D12-3DBF-469A-8259-C99B0DBA27BD}.Release|x86.Build.0 = Release|Win32
		{E9E789DC-3A40-44CF-B313-7CE026859C2C}.Debug|x64.ActiveCfg = Debug|x64
		{E9E789DC-3A40-44CF-B313-7CE026859C2C}.Debug|x64.Build.0 = Debug|x64
		{E9E789DC-3A40-44CF-B313-7CE026859C2C}.Debug|x86.ActiveCfg = Debug|Win32
		{E9E789DC-3A40-44CF-B313-7CE026859C2C}.Debug|x86.Build.0 = Debug|Win32
		{E9E789DC-3A40-44CF-B313-7CE026859C2C}.Release|x64.ActiveCfg = Release|x64
		{E9E789DC-3A40-44CF-B313-7CE026859C2C}.Release|x64.Build.0 = Release|x64
		{E9E789DC-3A40-44CF-B313-7CE026859C2C}.Release|x86.ActiveCfg = Release|Win32
		{E9E789DC-3A40-44CF-B313-7CE026859C2C}.Release|x86.Build.0 = Release|Win32
		{99B4372B-BCDE-4380-927B-989CDE9965E1}.Debug|x64.ActiveCfg = Debug|x64
		{99B4372B-BCDE-4380-927B-989CDE9965E1}.Debug|x64.Build.0 = Debug|x64
		{99B4372B-BCDE-4380-927B-989CDE9965E1}.Debug|x86.ActiveCfg = Debug|Win32
		{99B4372B-BCDE-4380-927B-989CDE9965E1}.Debug|x86.Build.0 = Debug|Win32
		{99B4372B-BCDE-4380-927B-989CDE9965E1}.Release|x64.ActiveCfg = Release|x64
		{99B4372B-BCDE-4380-927B-989CDE9965E1}.Release|x64.Build.0 = Release|x64
		{99B4372B-BCDE-4380-927B-989CDE9965E1}.Release|x86.ActiveCfg = Release|Win32
		{99B4372B-BCDE-4380-927B-989CDE9965E1}.Release|x86.Build.0 = Release|Win32
		{ADEDE455-133E-404D-A375-3B5EDBFEF2D9}.Debug|x64.ActiveCfg = Debug|x64
		{ADEDE455-133E-404D-A375-3B5EDBFEF2D9}.Debug|x64.Build.0 = Debug|x64
		{ADEDE455-133E-404D-A375-3B5EDBFEF2D9}.Debug|x86.ActiveCfg = Debug|Win32
		{ADEDE455-133E-404D-A375-3B5EDBFEF2D9}.Debug|x86.Build.0 = Debug|Win32
		{ADEDE455-133E-404D-A375-3B5EDBFEF2D9}.Release|x64.ActiveCfg = Release|x64
		{ADEDE455-133E-404D-A375-3B5EDBFEF2D9}.Release|x64.Build.0 = Release|x64
		{ADEDE455-133E-404D-A375-3B5EDBFEF2D9}.Release|x86.ActiveCfg = Release|Win32
		{ADEDE455-133E-404D-A375-3B5EDBFEF2D9}.Release|x86.Build.0 = Release|Win32
		{FBC46BEB-7DC2-46DE-A0DD-A6C5A7C437D2}.Debug|x64.ActiveCfg = Debug|x64
		{FBC46BEB-7DC2-46DE-A0DD-A6C5A7C437D2}.Debug|x64.Build.0 = Debug|x64
		{FBC46BEB-7DC2-46DE-A0DD-A6C5A7C437D2}.Debug|x86.ActiveCfg = Debug|Win32
		{FBC46BEB-7DC2-46DE-A0DD-A6C5A7C437D2}.Debug|x86.Build.0 = Debug|Win32
		{FBC46BEB-7DC2-46DE-A0DD-A6C5A7C437D2}.Release|x64.ActiveCfg = Release|x64
		{FBC46BEB-7DC2-46DE-A0DD-A6C5A7C437D2}.Release|x64.Build.0 = Release|x64
		{FBC46BEB-7DC2-46DE-A0DD-A6C5A7C437D2}.Release|x86.ActiveCfg = Release|Win32
		{FBC46BEB-7DC2-46DE-A0DD-A6C5A7C437D2}.Release|x86.Build.0 = Release|Win32
		{0A2F61F1-B8E2-4018-B6D4-67C5068D6434}.Debug|x64.ActiveCfg = Debug|x64
		{0A2F61F1-B8E2-4018-B6D4-67C5068D6434}.Debug|x64.Build.0 = Debug|x64
		{0A2F61F1-B8E2-4018-B6D4-67C5068D6434}.Debug|x86.ActiveCfg = Debug|Win32
		{0A2F61F1-B8E2-4018-B6D4-67C5068D6434}.Debug|x86.Build.0 = Debug|Win32
		{0A2F61F1-B8E2-4018-B6D4-67C5068D6434}.Release|x64.ActiveCfg = Release|x64
		{0A2F61F1-B8E2-4018-B6D4-67C5068D6434}.Release|x64.Build.0 = Release|x64
		{0A2F61F1-B8E2-4018-B6D4-67C5068D6434}.Release|x86.ActiveCfg = Release|Win32
		{0A2F61F1-B8E2-4018-B6D4-67C5068D6434}.Release|x86.Build.0 = Release|Win32
	EndGlobalSection
	GlobalSection(SolutionProperties) = preSolution
		HideSolutionNode = FALSE
	EndGlobalSection
	GlobalSection(ExtensibilityGlobals) = postSolution
		SolutionGuid = {AEAD5744-6666-4A46-A95F-E5F44E85C0BA}
	EndGlobalSection
EndGlobal
