
Microsoft Visual Studio Solution File, Format Version 12.00
# Visual Studio 15
VisualStudioVersion = 15.0.28010.2016
MinimumVisualStudioVersion = 10.0.40219.1
Project("{8BC9CEB8-8B4A-11D0-8D11-00A0C91BC942}") = "1First", "First\First.vcxproj", "{1DED52A1-A889-43A0-A6A6-CCDBEB88EF45}"
EndProject
Project("{8BC9CEB8-8B4A-11D0-8D11-00A0C91BC942}") = "2Second", "Second\Second.vcxproj", "{FA44ABF3-4C63-43CF-A713-9F104F6B1DC2}"
EndProject
Project("{8BC9CEB8-8B4A-11D0-8D11-00A0C91BC942}") = "3Loops", "Loops\Loops.vcxproj", "{C074393B-7946-49F0-B0E4-6A1D0EED5BEA}"
EndProject
Project("{8BC9CEB8-8B4A-11D0-8D11-00A0C91BC942}") = "4Arrays", "Arrays\Arrays.vcxproj", "{9CF4EBF3-00B9-4105-A671-FF571368BD2B}"
EndProject
Project("{8BC9CEB8-8B4A-11D0-8D11-00A0C91BC942}") = "5Calculator", "Calculator\Calculator.vcxproj", "{D496483A-4045-4B8F-8382-E9A6A12E0F45}"
EndProject
Project("{8BC9CEB8-8B4A-11D0-8D11-00A0C91BC942}") = "6Functions", "Functions\Functions.vcxproj", "{AABD54DF-0E8D-4D2E-BFB6-B4827181B296}"
EndProject
Project("{8BC9CEB8-8B4A-11D0-8D11-00A0C91BC942}") = "7LibraryExample", "Libaries\Libaries.vcxproj", "{237DE52A-364C-44B5-A114-66F0E936C8EA}"
EndProject
Project("{8BC9CEB8-8B4A-11D0-8D11-00A0C91BC942}") = "8ArrayLibrary", "ArrayLibrary\ArrayLibrary.vcxproj", "{C3A96710-5AE4-4072-8E76-E23D4189FF49}"
EndProject
Project("{8BC9CEB8-8B4A-11D0-8D11-00A0C91BC942}") = "9Matrix", "Matrix\Matrix.vcxproj", "{25FA9392-7487-4727-BA95-C4AB0CD2157B}"
EndProject
Project("{8BC9CEB8-8B4A-11D0-8D11-00A0C91BC942}") = "10Strings", "Strings\Strings.vcxproj", "{D6A83A4B-F28B-42B7-B0DE-B2A61B18EA25}"
EndProject
Project("{8BC9CEB8-8B4A-11D0-8D11-00A0C91BC942}") = "11SortSearchMerge", "OrganizeSearchMerge\OrganizeSearchMerge.vcxproj", "{73A7FA05-0411-478B-AC5F-73F6DC8102ED}"
EndProject
Project("{8BC9CEB8-8B4A-11D0-8D11-00A0C91BC942}") = "12Set14", "Set14\Set14.vcxproj", "{9BC33356-0A73-4528-89D4-27CEB5C2A4F7}"
EndProject
Project("{8BC9CEB8-8B4A-11D0-8D11-00A0C91BC942}") = "13Bulliman", "13Bulliman\13Bulliman.vcxproj", "{F28D3E3F-A73F-4D24-9CCC-9884A04B596D}"
EndProject
Project("{8BC9CEB8-8B4A-11D0-8D11-00A0C91BC942}") = "Book1", "Book1\Book1.vcxproj", "{AE6FF5D5-F19C-4D6D-9551-04EC184EF3C4}"
EndProject
Global
	GlobalSection(SolutionConfigurationPlatforms) = preSolution
		Debug|Any CPU = Debug|Any CPU
		Debug|x64 = Debug|x64
		Debug|x86 = Debug|x86
		Release|Any CPU = Release|Any CPU
		Release|x64 = Release|x64
		Release|x86 = Release|x86
	EndGlobalSection
	GlobalSection(ProjectConfigurationPlatforms) = postSolution
		{1DED52A1-A889-43A0-A6A6-CCDBEB88EF45}.Debug|Any CPU.ActiveCfg = Debug|Win32
		{1DED52A1-A889-43A0-A6A6-CCDBEB88EF45}.Debug|x64.ActiveCfg = Debug|x64
		{1DED52A1-A889-43A0-A6A6-CCDBEB88EF45}.Debug|x64.Build.0 = Debug|x64
		{1DED52A1-A889-43A0-A6A6-CCDBEB88EF45}.Debug|x86.ActiveCfg = Debug|Win32
		{1DED52A1-A889-43A0-A6A6-CCDBEB88EF45}.Debug|x86.Build.0 = Debug|Win32
		{1DED52A1-A889-43A0-A6A6-CCDBEB88EF45}.Release|Any CPU.ActiveCfg = Release|Win32
		{1DED52A1-A889-43A0-A6A6-CCDBEB88EF45}.Release|x64.ActiveCfg = Release|x64
		{1DED52A1-A889-43A0-A6A6-CCDBEB88EF45}.Release|x64.Build.0 = Release|x64
		{1DED52A1-A889-43A0-A6A6-CCDBEB88EF45}.Release|x86.ActiveCfg = Release|Win32
		{1DED52A1-A889-43A0-A6A6-CCDBEB88EF45}.Release|x86.Build.0 = Release|Win32
		{FA44ABF3-4C63-43CF-A713-9F104F6B1DC2}.Debug|Any CPU.ActiveCfg = Debug|Win32
		{FA44ABF3-4C63-43CF-A713-9F104F6B1DC2}.Debug|x64.ActiveCfg = Debug|x64
		{FA44ABF3-4C63-43CF-A713-9F104F6B1DC2}.Debug|x64.Build.0 = Debug|x64
		{FA44ABF3-4C63-43CF-A713-9F104F6B1DC2}.Debug|x86.ActiveCfg = Debug|Win32
		{FA44ABF3-4C63-43CF-A713-9F104F6B1DC2}.Debug|x86.Build.0 = Debug|Win32
		{FA44ABF3-4C63-43CF-A713-9F104F6B1DC2}.Release|Any CPU.ActiveCfg = Release|Win32
		{FA44ABF3-4C63-43CF-A713-9F104F6B1DC2}.Release|x64.ActiveCfg = Release|x64
		{FA44ABF3-4C63-43CF-A713-9F104F6B1DC2}.Release|x64.Build.0 = Release|x64
		{FA44ABF3-4C63-43CF-A713-9F104F6B1DC2}.Release|x86.ActiveCfg = Release|Win32
		{FA44ABF3-4C63-43CF-A713-9F104F6B1DC2}.Release|x86.Build.0 = Release|Win32
		{C074393B-7946-49F0-B0E4-6A1D0EED5BEA}.Debug|Any CPU.ActiveCfg = Debug|Win32
		{C074393B-7946-49F0-B0E4-6A1D0EED5BEA}.Debug|x64.ActiveCfg = Debug|x64
		{C074393B-7946-49F0-B0E4-6A1D0EED5BEA}.Debug|x64.Build.0 = Debug|x64
		{C074393B-7946-49F0-B0E4-6A1D0EED5BEA}.Debug|x86.ActiveCfg = Debug|Win32
		{C074393B-7946-49F0-B0E4-6A1D0EED5BEA}.Debug|x86.Build.0 = Debug|Win32
		{C074393B-7946-49F0-B0E4-6A1D0EED5BEA}.Release|Any CPU.ActiveCfg = Release|Win32
		{C074393B-7946-49F0-B0E4-6A1D0EED5BEA}.Release|x64.ActiveCfg = Release|x64
		{C074393B-7946-49F0-B0E4-6A1D0EED5BEA}.Release|x64.Build.0 = Release|x64
		{C074393B-7946-49F0-B0E4-6A1D0EED5BEA}.Release|x86.ActiveCfg = Release|Win32
		{C074393B-7946-49F0-B0E4-6A1D0EED5BEA}.Release|x86.Build.0 = Release|Win32
		{9CF4EBF3-00B9-4105-A671-FF571368BD2B}.Debug|Any CPU.ActiveCfg = Debug|Win32
		{9CF4EBF3-00B9-4105-A671-FF571368BD2B}.Debug|x64.ActiveCfg = Debug|x64
		{9CF4EBF3-00B9-4105-A671-FF571368BD2B}.Debug|x64.Build.0 = Debug|x64
		{9CF4EBF3-00B9-4105-A671-FF571368BD2B}.Debug|x86.ActiveCfg = Debug|Win32
		{9CF4EBF3-00B9-4105-A671-FF571368BD2B}.Debug|x86.Build.0 = Debug|Win32
		{9CF4EBF3-00B9-4105-A671-FF571368BD2B}.Release|Any CPU.ActiveCfg = Release|Win32
		{9CF4EBF3-00B9-4105-A671-FF571368BD2B}.Release|x64.ActiveCfg = Release|x64
		{9CF4EBF3-00B9-4105-A671-FF571368BD2B}.Release|x64.Build.0 = Release|x64
		{9CF4EBF3-00B9-4105-A671-FF571368BD2B}.Release|x86.ActiveCfg = Release|Win32
		{9CF4EBF3-00B9-4105-A671-FF571368BD2B}.Release|x86.Build.0 = Release|Win32
		{D496483A-4045-4B8F-8382-E9A6A12E0F45}.Debug|Any CPU.ActiveCfg = Debug|Win32
		{D496483A-4045-4B8F-8382-E9A6A12E0F45}.Debug|x64.ActiveCfg = Debug|x64
		{D496483A-4045-4B8F-8382-E9A6A12E0F45}.Debug|x64.Build.0 = Debug|x64
		{D496483A-4045-4B8F-8382-E9A6A12E0F45}.Debug|x86.ActiveCfg = Debug|Win32
		{D496483A-4045-4B8F-8382-E9A6A12E0F45}.Debug|x86.Build.0 = Debug|Win32
		{D496483A-4045-4B8F-8382-E9A6A12E0F45}.Release|Any CPU.ActiveCfg = Release|Win32
		{D496483A-4045-4B8F-8382-E9A6A12E0F45}.Release|x64.ActiveCfg = Release|x64
		{D496483A-4045-4B8F-8382-E9A6A12E0F45}.Release|x64.Build.0 = Release|x64
		{D496483A-4045-4B8F-8382-E9A6A12E0F45}.Release|x86.ActiveCfg = Release|Win32
		{D496483A-4045-4B8F-8382-E9A6A12E0F45}.Release|x86.Build.0 = Release|Win32
		{AABD54DF-0E8D-4D2E-BFB6-B4827181B296}.Debug|Any CPU.ActiveCfg = Debug|Win32
		{AABD54DF-0E8D-4D2E-BFB6-B4827181B296}.Debug|x64.ActiveCfg = Debug|x64
		{AABD54DF-0E8D-4D2E-BFB6-B4827181B296}.Debug|x64.Build.0 = Debug|x64
		{AABD54DF-0E8D-4D2E-BFB6-B4827181B296}.Debug|x86.ActiveCfg = Debug|Win32
		{AABD54DF-0E8D-4D2E-BFB6-B4827181B296}.Debug|x86.Build.0 = Debug|Win32
		{AABD54DF-0E8D-4D2E-BFB6-B4827181B296}.Release|Any CPU.ActiveCfg = Release|Win32
		{AABD54DF-0E8D-4D2E-BFB6-B4827181B296}.Release|x64.ActiveCfg = Release|x64
		{AABD54DF-0E8D-4D2E-BFB6-B4827181B296}.Release|x64.Build.0 = Release|x64
		{AABD54DF-0E8D-4D2E-BFB6-B4827181B296}.Release|x86.ActiveCfg = Release|Win32
		{AABD54DF-0E8D-4D2E-BFB6-B4827181B296}.Release|x86.Build.0 = Release|Win32
		{237DE52A-364C-44B5-A114-66F0E936C8EA}.Debug|Any CPU.ActiveCfg = Debug|Win32
		{237DE52A-364C-44B5-A114-66F0E936C8EA}.Debug|x64.ActiveCfg = Debug|x64
		{237DE52A-364C-44B5-A114-66F0E936C8EA}.Debug|x64.Build.0 = Debug|x64
		{237DE52A-364C-44B5-A114-66F0E936C8EA}.Debug|x86.ActiveCfg = Debug|Win32
		{237DE52A-364C-44B5-A114-66F0E936C8EA}.Debug|x86.Build.0 = Debug|Win32
		{237DE52A-364C-44B5-A114-66F0E936C8EA}.Release|Any CPU.ActiveCfg = Release|Win32
		{237DE52A-364C-44B5-A114-66F0E936C8EA}.Release|x64.ActiveCfg = Release|x64
		{237DE52A-364C-44B5-A114-66F0E936C8EA}.Release|x64.Build.0 = Release|x64
		{237DE52A-364C-44B5-A114-66F0E936C8EA}.Release|x86.ActiveCfg = Release|Win32
		{237DE52A-364C-44B5-A114-66F0E936C8EA}.Release|x86.Build.0 = Release|Win32
		{C3A96710-5AE4-4072-8E76-E23D4189FF49}.Debug|Any CPU.ActiveCfg = Debug|Win32
		{C3A96710-5AE4-4072-8E76-E23D4189FF49}.Debug|x64.ActiveCfg = Debug|x64
		{C3A96710-5AE4-4072-8E76-E23D4189FF49}.Debug|x64.Build.0 = Debug|x64
		{C3A96710-5AE4-4072-8E76-E23D4189FF49}.Debug|x86.ActiveCfg = Debug|Win32
		{C3A96710-5AE4-4072-8E76-E23D4189FF49}.Debug|x86.Build.0 = Debug|Win32
		{C3A96710-5AE4-4072-8E76-E23D4189FF49}.Release|Any CPU.ActiveCfg = Release|Win32
		{C3A96710-5AE4-4072-8E76-E23D4189FF49}.Release|x64.ActiveCfg = Release|x64
		{C3A96710-5AE4-4072-8E76-E23D4189FF49}.Release|x64.Build.0 = Release|x64
		{C3A96710-5AE4-4072-8E76-E23D4189FF49}.Release|x86.ActiveCfg = Release|Win32
		{C3A96710-5AE4-4072-8E76-E23D4189FF49}.Release|x86.Build.0 = Release|Win32
		{25FA9392-7487-4727-BA95-C4AB0CD2157B}.Debug|Any CPU.ActiveCfg = Debug|Win32
		{25FA9392-7487-4727-BA95-C4AB0CD2157B}.Debug|x64.ActiveCfg = Debug|x64
		{25FA9392-7487-4727-BA95-C4AB0CD2157B}.Debug|x64.Build.0 = Debug|x64
		{25FA9392-7487-4727-BA95-C4AB0CD2157B}.Debug|x86.ActiveCfg = Debug|Win32
		{25FA9392-7487-4727-BA95-C4AB0CD2157B}.Debug|x86.Build.0 = Debug|Win32
		{25FA9392-7487-4727-BA95-C4AB0CD2157B}.Release|Any CPU.ActiveCfg = Release|Win32
		{25FA9392-7487-4727-BA95-C4AB0CD2157B}.Release|x64.ActiveCfg = Release|x64
		{25FA9392-7487-4727-BA95-C4AB0CD2157B}.Release|x64.Build.0 = Release|x64
		{25FA9392-7487-4727-BA95-C4AB0CD2157B}.Release|x86.ActiveCfg = Release|Win32
		{25FA9392-7487-4727-BA95-C4AB0CD2157B}.Release|x86.Build.0 = Release|Win32
		{D6A83A4B-F28B-42B7-B0DE-B2A61B18EA25}.Debug|Any CPU.ActiveCfg = Debug|Win32
		{D6A83A4B-F28B-42B7-B0DE-B2A61B18EA25}.Debug|x64.ActiveCfg = Debug|x64
		{D6A83A4B-F28B-42B7-B0DE-B2A61B18EA25}.Debug|x64.Build.0 = Debug|x64
		{D6A83A4B-F28B-42B7-B0DE-B2A61B18EA25}.Debug|x86.ActiveCfg = Debug|Win32
		{D6A83A4B-F28B-42B7-B0DE-B2A61B18EA25}.Debug|x86.Build.0 = Debug|Win32
		{D6A83A4B-F28B-42B7-B0DE-B2A61B18EA25}.Release|Any CPU.ActiveCfg = Release|Win32
		{D6A83A4B-F28B-42B7-B0DE-B2A61B18EA25}.Release|x64.ActiveCfg = Release|x64
		{D6A83A4B-F28B-42B7-B0DE-B2A61B18EA25}.Release|x64.Build.0 = Release|x64
		{D6A83A4B-F28B-42B7-B0DE-B2A61B18EA25}.Release|x86.ActiveCfg = Release|Win32
		{D6A83A4B-F28B-42B7-B0DE-B2A61B18EA25}.Release|x86.Build.0 = Release|Win32
		{73A7FA05-0411-478B-AC5F-73F6DC8102ED}.Debug|Any CPU.ActiveCfg = Debug|Win32
		{73A7FA05-0411-478B-AC5F-73F6DC8102ED}.Debug|x64.ActiveCfg = Debug|x64
		{73A7FA05-0411-478B-AC5F-73F6DC8102ED}.Debug|x64.Build.0 = Debug|x64
		{73A7FA05-0411-478B-AC5F-73F6DC8102ED}.Debug|x86.ActiveCfg = Debug|Win32
		{73A7FA05-0411-478B-AC5F-73F6DC8102ED}.Debug|x86.Build.0 = Debug|Win32
		{73A7FA05-0411-478B-AC5F-73F6DC8102ED}.Release|Any CPU.ActiveCfg = Release|Win32
		{73A7FA05-0411-478B-AC5F-73F6DC8102ED}.Release|x64.ActiveCfg = Release|x64
		{73A7FA05-0411-478B-AC5F-73F6DC8102ED}.Release|x64.Build.0 = Release|x64
		{73A7FA05-0411-478B-AC5F-73F6DC8102ED}.Release|x86.ActiveCfg = Release|Win32
		{73A7FA05-0411-478B-AC5F-73F6DC8102ED}.Release|x86.Build.0 = Release|Win32
		{9BC33356-0A73-4528-89D4-27CEB5C2A4F7}.Debug|Any CPU.ActiveCfg = Debug|Win32
		{9BC33356-0A73-4528-89D4-27CEB5C2A4F7}.Debug|x64.ActiveCfg = Debug|x64
		{9BC33356-0A73-4528-89D4-27CEB5C2A4F7}.Debug|x64.Build.0 = Debug|x64
		{9BC33356-0A73-4528-89D4-27CEB5C2A4F7}.Debug|x86.ActiveCfg = Debug|Win32
		{9BC33356-0A73-4528-89D4-27CEB5C2A4F7}.Debug|x86.Build.0 = Debug|Win32
		{9BC33356-0A73-4528-89D4-27CEB5C2A4F7}.Release|Any CPU.ActiveCfg = Release|Win32
		{9BC33356-0A73-4528-89D4-27CEB5C2A4F7}.Release|x64.ActiveCfg = Release|x64
		{9BC33356-0A73-4528-89D4-27CEB5C2A4F7}.Release|x64.Build.0 = Release|x64
		{9BC33356-0A73-4528-89D4-27CEB5C2A4F7}.Release|x86.ActiveCfg = Release|Win32
		{9BC33356-0A73-4528-89D4-27CEB5C2A4F7}.Release|x86.Build.0 = Release|Win32
		{F28D3E3F-A73F-4D24-9CCC-9884A04B596D}.Debug|Any CPU.ActiveCfg = Debug|Win32
		{F28D3E3F-A73F-4D24-9CCC-9884A04B596D}.Debug|x64.ActiveCfg = Debug|x64
		{F28D3E3F-A73F-4D24-9CCC-9884A04B596D}.Debug|x64.Build.0 = Debug|x64
		{F28D3E3F-A73F-4D24-9CCC-9884A04B596D}.Debug|x86.ActiveCfg = Debug|Win32
		{F28D3E3F-A73F-4D24-9CCC-9884A04B596D}.Debug|x86.Build.0 = Debug|Win32
		{F28D3E3F-A73F-4D24-9CCC-9884A04B596D}.Release|Any CPU.ActiveCfg = Release|Win32
		{F28D3E3F-A73F-4D24-9CCC-9884A04B596D}.Release|x64.ActiveCfg = Release|x64
		{F28D3E3F-A73F-4D24-9CCC-9884A04B596D}.Release|x64.Build.0 = Release|x64
		{F28D3E3F-A73F-4D24-9CCC-9884A04B596D}.Release|x86.ActiveCfg = Release|Win32
		{F28D3E3F-A73F-4D24-9CCC-9884A04B596D}.Release|x86.Build.0 = Release|Win32
		{AE6FF5D5-F19C-4D6D-9551-04EC184EF3C4}.Debug|Any CPU.ActiveCfg = Debug|Win32
		{AE6FF5D5-F19C-4D6D-9551-04EC184EF3C4}.Debug|x64.ActiveCfg = Debug|x64
		{AE6FF5D5-F19C-4D6D-9551-04EC184EF3C4}.Debug|x64.Build.0 = Debug|x64
		{AE6FF5D5-F19C-4D6D-9551-04EC184EF3C4}.Debug|x86.ActiveCfg = Debug|Win32
		{AE6FF5D5-F19C-4D6D-9551-04EC184EF3C4}.Debug|x86.Build.0 = Debug|Win32
		{AE6FF5D5-F19C-4D6D-9551-04EC184EF3C4}.Release|Any CPU.ActiveCfg = Release|Win32
		{AE6FF5D5-F19C-4D6D-9551-04EC184EF3C4}.Release|x64.ActiveCfg = Release|x64
		{AE6FF5D5-F19C-4D6D-9551-04EC184EF3C4}.Release|x64.Build.0 = Release|x64
		{AE6FF5D5-F19C-4D6D-9551-04EC184EF3C4}.Release|x86.ActiveCfg = Release|Win32
		{AE6FF5D5-F19C-4D6D-9551-04EC184EF3C4}.Release|x86.Build.0 = Release|Win32
	EndGlobalSection
	GlobalSection(SolutionProperties) = preSolution
		HideSolutionNode = FALSE
	EndGlobalSection
	GlobalSection(ExtensibilityGlobals) = postSolution
		SolutionGuid = {2886143B-8612-4A0D-B215-188A1CD492D0}
	EndGlobalSection
EndGlobal
